// !$*UTF8*$!
{
	archiveVersion = 1;
	classes = {
	};
	objectVersion = 46;
	objects = {

/* Begin PBXBuildFile section */
		E143232F15028F2800FD6DED /* DetailViewController.m in Sources */ = {isa = PBXBuildFile; fileRef = E143232E15028F2800FD6DED /* DetailViewController.m */; };
		E1573B7914CC79AE004AEF21 /* LocationController.m in Sources */ = {isa = PBXBuildFile; fileRef = E1573B7814CC79AE004AEF21 /* LocationController.m */; };
		E1573B7D14CC7CC8004AEF21 /* Quest.m in Sources */ = {isa = PBXBuildFile; fileRef = E1573B7C14CC7CC8004AEF21 /* Quest.m */; };
		E1573B8014CC963D004AEF21 /* InfoView.m in Sources */ = {isa = PBXBuildFile; fileRef = E1573B7F14CC963D004AEF21 /* InfoView.m */; };
		E1573B8214CC9670004AEF21 /* QuartzCore.framework in Frameworks */ = {isa = PBXBuildFile; fileRef = E1573B8114CC9670004AEF21 /* QuartzCore.framework */; };
		E1573B8514CCAC6A004AEF21 /* QuestCalloutView.m in Sources */ = {isa = PBXBuildFile; fileRef = E1573B8414CCAC6A004AEF21 /* QuestCalloutView.m */; };
		E18E574414DE17F300597734 /* UtilityKit.m in Sources */ = {isa = PBXBuildFile; fileRef = E18E574314DE17F300597734 /* UtilityKit.m */; };
		E1AEEBAE14CB382200C14F98 /* UIKit.framework in Frameworks */ = {isa = PBXBuildFile; fileRef = E1AEEBAD14CB382200C14F98 /* UIKit.framework */; };
		E1AEEBB014CB382200C14F98 /* Foundation.framework in Frameworks */ = {isa = PBXBuildFile; fileRef = E1AEEBAF14CB382200C14F98 /* Foundation.framework */; };
		E1AEEBB214CB382200C14F98 /* CoreGraphics.framework in Frameworks */ = {isa = PBXBuildFile; fileRef = E1AEEBB114CB382200C14F98 /* CoreGraphics.framework */; };
		E1AEEBB814CB382200C14F98 /* InfoPlist.strings in Resources */ = {isa = PBXBuildFile; fileRef = E1AEEBB614CB382200C14F98 /* InfoPlist.strings */; };
		E1AEEBBA14CB382200C14F98 /* main.m in Sources */ = {isa = PBXBuildFile; fileRef = E1AEEBB914CB382200C14F98 /* main.m */; };
		E1AEEBBE14CB382200C14F98 /* AppDelegate.m in Sources */ = {isa = PBXBuildFile; fileRef = E1AEEBBD14CB382200C14F98 /* AppDelegate.m */; };
		E1AEEBC114CB382200C14F98 /* ViewController.m in Sources */ = {isa = PBXBuildFile; fileRef = E1AEEBC014CB382200C14F98 /* ViewController.m */; };
		E1AEEBC414CB382200C14F98 /* ViewController.xib in Resources */ = {isa = PBXBuildFile; fileRef = E1AEEBC214CB382200C14F98 /* ViewController.xib */; };
		E1AEEBCC14CB382200C14F98 /* SenTestingKit.framework in Frameworks */ = {isa = PBXBuildFile; fileRef = E1AEEBCB14CB382200C14F98 /* SenTestingKit.framework */; };
		E1AEEBCD14CB382200C14F98 /* UIKit.framework in Frameworks */ = {isa = PBXBuildFile; fileRef = E1AEEBAD14CB382200C14F98 /* UIKit.framework */; };
		E1AEEBCE14CB382200C14F98 /* Foundation.framework in Frameworks */ = {isa = PBXBuildFile; fileRef = E1AEEBAF14CB382200C14F98 /* Foundation.framework */; };
		E1AEEBD614CB382200C14F98 /* InfoPlist.strings in Resources */ = {isa = PBXBuildFile; fileRef = E1AEEBD414CB382200C14F98 /* InfoPlist.strings */; };
		E1AEEBD914CB382200C14F98 /* ImBoredTests.m in Sources */ = {isa = PBXBuildFile; fileRef = E1AEEBD814CB382200C14F98 /* ImBoredTests.m */; };
		E1AEEBE314CB388A00C14F98 /* CoreLocation.framework in Frameworks */ = {isa = PBXBuildFile; fileRef = E1AEEBE214CB388A00C14F98 /* CoreLocation.framework */; };
		E1AEEBE514CB401E00C14F98 /* MapKit.framework in Frameworks */ = {isa = PBXBuildFile; fileRef = E1AEEBE414CB401E00C14F98 /* MapKit.framework */; };
		E1AEEBE814CB505B00C14F98 /* MapAPIController.m in Sources */ = {isa = PBXBuildFile; fileRef = E1AEEBE714CB505B00C14F98 /* MapAPIController.m */; };
		E1AEEBEB14CB581A00C14F98 /* MapAPIResultParser.m in Sources */ = {isa = PBXBuildFile; fileRef = E1AEEBEA14CB581A00C14F98 /* MapAPIResultParser.m */; };
		E1AEEBED14CB965100C14F98 /* AddressBook.framework in Frameworks */ = {isa = PBXBuildFile; fileRef = E1AEEBEC14CB965100C14F98 /* AddressBook.framework */; };
		E1F0342C14D45B04000F8BDE /* QuestDetailView.m in Sources */ = {isa = PBXBuildFile; fileRef = E1F0342B14D45B04000F8BDE /* QuestDetailView.m */; };
		E1F2F47A14EB212500EC1455 /* DetailViewController.xib in Resources */ = {isa = PBXBuildFile; fileRef = E1F2F47914EB212500EC1455 /* DetailViewController.xib */; };
/* End PBXBuildFile section */

/* Begin PBXContainerItemProxy section */
		E1AEEBCF14CB382200C14F98 /* PBXContainerItemProxy */ = {
			isa = PBXContainerItemProxy;
			containerPortal = E1AEEBA014CB382200C14F98 /* Project object */;
			proxyType = 1;
			remoteGlobalIDString = E1AEEBA814CB382200C14F98;
			remoteInfo = ImBored;
		};
/* End PBXContainerItemProxy section */

/* Begin PBXFileReference section */
		E143232E15028F2800FD6DED /* DetailViewController.m */ = {isa = PBXFileReference; fileEncoding = 4; lastKnownFileType = sourcecode.c.objc; path = DetailViewController.m; sourceTree = "<group>"; };
		E1573B7714CC79AE004AEF21 /* LocationController.h */ = {isa = PBXFileReference; fileEncoding = 4; lastKnownFileType = sourcecode.c.h; path = LocationController.h; sourceTree = "<group>"; };
		E1573B7814CC79AE004AEF21 /* LocationController.m */ = {isa = PBXFileReference; fileEncoding = 4; lastKnownFileType = sourcecode.c.objc; path = LocationController.m; sourceTree = "<group>"; };
		E1573B7B14CC7CC8004AEF21 /* Quest.h */ = {isa = PBXFileReference; fileEncoding = 4; lastKnownFileType = sourcecode.c.h; path = Quest.h; sourceTree = "<group>"; };
		E1573B7C14CC7CC8004AEF21 /* Quest.m */ = {isa = PBXFileReference; fileEncoding = 4; lastKnownFileType = sourcecode.c.objc; path = Quest.m; sourceTree = "<group>"; };
		E1573B7E14CC963D004AEF21 /* InfoView.h */ = {isa = PBXFileReference; fileEncoding = 4; lastKnownFileType = sourcecode.c.h; path = InfoView.h; sourceTree = "<group>"; };
		E1573B7F14CC963D004AEF21 /* InfoView.m */ = {isa = PBXFileReference; fileEncoding = 4; lastKnownFileType = sourcecode.c.objc; path = InfoView.m; sourceTree = "<group>"; };
		E1573B8114CC9670004AEF21 /* QuartzCore.framework */ = {isa = PBXFileReference; lastKnownFileType = wrapper.framework; name = QuartzCore.framework; path = System/Library/Frameworks/QuartzCore.framework; sourceTree = SDKROOT; };
		E1573B8314CCAC6A004AEF21 /* QuestCalloutView.h */ = {isa = PBXFileReference; fileEncoding = 4; lastKnownFileType = sourcecode.c.h; path = QuestCalloutView.h; sourceTree = "<group>"; };
		E1573B8414CCAC6A004AEF21 /* QuestCalloutView.m */ = {isa = PBXFileReference; fileEncoding = 4; lastKnownFileType = sourcecode.c.objc; path = QuestCalloutView.m; sourceTree = "<group>"; };
		E18E574214DE17F300597734 /* UtilityKit.h */ = {isa = PBXFileReference; fileEncoding = 4; lastKnownFileType = sourcecode.c.h; path = UtilityKit.h; sourceTree = "<group>"; };
		E18E574314DE17F300597734 /* UtilityKit.m */ = {isa = PBXFileReference; fileEncoding = 4; lastKnownFileType = sourcecode.c.objc; path = UtilityKit.m; sourceTree = "<group>"; };
		E19F3CD514DF453F00C0CF70 /* DetailViewController.h */ = {isa = PBXFileReference; fileEncoding = 4; lastKnownFileType = sourcecode.c.h; path = DetailViewController.h; sourceTree = "<group>"; };
		E1AEEBA914CB382200C14F98 /* Questomatic.app */ = {isa = PBXFileReference; explicitFileType = wrapper.application; includeInIndex = 0; path = Questomatic.app; sourceTree = BUILT_PRODUCTS_DIR; };
		E1AEEBAD14CB382200C14F98 /* UIKit.framework */ = {isa = PBXFileReference; lastKnownFileType = wrapper.framework; name = UIKit.framework; path = System/Library/Frameworks/UIKit.framework; sourceTree = SDKROOT; };
		E1AEEBAF14CB382200C14F98 /* Foundation.framework */ = {isa = PBXFileReference; lastKnownFileType = wrapper.framework; name = Foundation.framework; path = System/Library/Frameworks/Foundation.framework; sourceTree = SDKROOT; };
		E1AEEBB114CB382200C14F98 /* CoreGraphics.framework */ = {isa = PBXFileReference; lastKnownFileType = wrapper.framework; name = CoreGraphics.framework; path = System/Library/Frameworks/CoreGraphics.framework; sourceTree = SDKROOT; };
		E1AEEBB514CB382200C14F98 /* ImBored-Info.plist */ = {isa = PBXFileReference; lastKnownFileType = text.plist.xml; path = "ImBored-Info.plist"; sourceTree = "<group>"; };
		E1AEEBB714CB382200C14F98 /* en */ = {isa = PBXFileReference; lastKnownFileType = text.plist.strings; name = en; path = en.lproj/InfoPlist.strings; sourceTree = "<group>"; };
		E1AEEBB914CB382200C14F98 /* main.m */ = {isa = PBXFileReference; lastKnownFileType = sourcecode.c.objc; path = main.m; sourceTree = "<group>"; };
		E1AEEBBB14CB382200C14F98 /* ImBored-Prefix.pch */ = {isa = PBXFileReference; lastKnownFileType = sourcecode.c.h; path = "ImBored-Prefix.pch"; sourceTree = "<group>"; };
		E1AEEBBC14CB382200C14F98 /* AppDelegate.h */ = {isa = PBXFileReference; lastKnownFileType = sourcecode.c.h; path = AppDelegate.h; sourceTree = "<group>"; };
		E1AEEBBD14CB382200C14F98 /* AppDelegate.m */ = {isa = PBXFileReference; lastKnownFileType = sourcecode.c.objc; path = AppDelegate.m; sourceTree = "<group>"; };
		E1AEEBBF14CB382200C14F98 /* ViewController.h */ = {isa = PBXFileReference; lastKnownFileType = sourcecode.c.h; path = ViewController.h; sourceTree = "<group>"; };
		E1AEEBC014CB382200C14F98 /* ViewController.m */ = {isa = PBXFileReference; lastKnownFileType = sourcecode.c.objc; path = ViewController.m; sourceTree = "<group>"; };
		E1AEEBC314CB382200C14F98 /* en */ = {isa = PBXFileReference; lastKnownFileType = file.xib; name = en; path = en.lproj/ViewController.xib; sourceTree = "<group>"; };
		E1AEEBCA14CB382200C14F98 /* ImBoredTests.octest */ = {isa = PBXFileReference; explicitFileType = wrapper.cfbundle; includeInIndex = 0; path = ImBoredTests.octest; sourceTree = BUILT_PRODUCTS_DIR; };
		E1AEEBCB14CB382200C14F98 /* SenTestingKit.framework */ = {isa = PBXFileReference; lastKnownFileType = wrapper.framework; name = SenTestingKit.framework; path = Library/Frameworks/SenTestingKit.framework; sourceTree = DEVELOPER_DIR; };
		E1AEEBD314CB382200C14F98 /* ImBoredTests-Info.plist */ = {isa = PBXFileReference; lastKnownFileType = text.plist.xml; path = "ImBoredTests-Info.plist"; sourceTree = "<group>"; };
		E1AEEBD514CB382200C14F98 /* en */ = {isa = PBXFileReference; lastKnownFileType = text.plist.strings; name = en; path = en.lproj/InfoPlist.strings; sourceTree = "<group>"; };
		E1AEEBD714CB382200C14F98 /* ImBoredTests.h */ = {isa = PBXFileReference; lastKnownFileType = sourcecode.c.h; path = ImBoredTests.h; sourceTree = "<group>"; };
		E1AEEBD814CB382200C14F98 /* ImBoredTests.m */ = {isa = PBXFileReference; lastKnownFileType = sourcecode.c.objc; path = ImBoredTests.m; sourceTree = "<group>"; };
		E1AEEBE214CB388A00C14F98 /* CoreLocation.framework */ = {isa = PBXFileReference; lastKnownFileType = wrapper.framework; name = CoreLocation.framework; path = System/Library/Frameworks/CoreLocation.framework; sourceTree = SDKROOT; };
		E1AEEBE414CB401E00C14F98 /* MapKit.framework */ = {isa = PBXFileReference; lastKnownFileType = wrapper.framework; name = MapKit.framework; path = System/Library/Frameworks/MapKit.framework; sourceTree = SDKROOT; };
		E1AEEBE614CB505B00C14F98 /* MapAPIController.h */ = {isa = PBXFileReference; fileEncoding = 4; lastKnownFileType = sourcecode.c.h; path = MapAPIController.h; sourceTree = "<group>"; };
		E1AEEBE714CB505B00C14F98 /* MapAPIController.m */ = {isa = PBXFileReference; fileEncoding = 4; lastKnownFileType = sourcecode.c.objc; path = MapAPIController.m; sourceTree = "<group>"; };
		E1AEEBE914CB581A00C14F98 /* MapAPIResultParser.h */ = {isa = PBXFileReference; fileEncoding = 4; lastKnownFileType = sourcecode.c.h; path = MapAPIResultParser.h; sourceTree = "<group>"; };
		E1AEEBEA14CB581A00C14F98 /* MapAPIResultParser.m */ = {isa = PBXFileReference; fileEncoding = 4; lastKnownFileType = sourcecode.c.objc; path = MapAPIResultParser.m; sourceTree = "<group>"; };
		E1AEEBEC14CB965100C14F98 /* AddressBook.framework */ = {isa = PBXFileReference; lastKnownFileType = wrapper.framework; name = AddressBook.framework; path = System/Library/Frameworks/AddressBook.framework; sourceTree = SDKROOT; };
		E1F0342A14D45B04000F8BDE /* QuestDetailView.h */ = {isa = PBXFileReference; fileEncoding = 4; lastKnownFileType = sourcecode.c.h; path = QuestDetailView.h; sourceTree = "<group>"; };
		E1F0342B14D45B04000F8BDE /* QuestDetailView.m */ = {isa = PBXFileReference; fileEncoding = 4; lastKnownFileType = sourcecode.c.objc; path = QuestDetailView.m; sourceTree = "<group>"; };
		E1F2F47914EB212500EC1455 /* DetailViewController.xib */ = {isa = PBXFileReference; fileEncoding = 4; lastKnownFileType = file.xib; path = DetailViewController.xib; sourceTree = "<group>"; };
/* End PBXFileReference section */

/* Begin PBXFrameworksBuildPhase section */
		E1AEEBA614CB382200C14F98 /* Frameworks */ = {
			isa = PBXFrameworksBuildPhase;
			buildActionMask = 2147483647;
			files = (
				E1573B8214CC9670004AEF21 /* QuartzCore.framework in Frameworks */,
				E1AEEBED14CB965100C14F98 /* AddressBook.framework in Frameworks */,
				E1AEEBE514CB401E00C14F98 /* MapKit.framework in Frameworks */,
				E1AEEBE314CB388A00C14F98 /* CoreLocation.framework in Frameworks */,
				E1AEEBAE14CB382200C14F98 /* UIKit.framework in Frameworks */,
				E1AEEBB014CB382200C14F98 /* Foundation.framework in Frameworks */,
				E1AEEBB214CB382200C14F98 /* CoreGraphics.framework in Frameworks */,
			);
			runOnlyForDeploymentPostprocessing = 0;
		};
		E1AEEBC614CB382200C14F98 /* Frameworks */ = {
			isa = PBXFrameworksBuildPhase;
			buildActionMask = 2147483647;
			files = (
				E1AEEBCC14CB382200C14F98 /* SenTestingKit.framework in Frameworks */,
				E1AEEBCD14CB382200C14F98 /* UIKit.framework in Frameworks */,
				E1AEEBCE14CB382200C14F98 /* Foundation.framework in Frameworks */,
			);
			runOnlyForDeploymentPostprocessing = 0;
		};
/* End PBXFrameworksBuildPhase section */

/* Begin PBXGroup section */
		E14E4C5314CCE42F00CB5A67 /* ViewControllers */ = {
			isa = PBXGroup;
			children = (
				E1F2F47914EB212500EC1455 /* DetailViewController.xib */,
				E19F3CD514DF453F00C0CF70 /* DetailViewController.h */,
				E143232E15028F2800FD6DED /* DetailViewController.m */,
				E1AEEBBF14CB382200C14F98 /* ViewController.h */,
				E1AEEBC014CB382200C14F98 /* ViewController.m */,
				E1AEEBC214CB382200C14F98 /* ViewController.xib */,
			);
			name = ViewControllers;
			sourceTree = "<group>";
		};
		E14E4C5414CCE44700CB5A67 /* Views */ = {
			isa = PBXGroup;
			children = (
				E1573B8314CCAC6A004AEF21 /* QuestCalloutView.h */,
				E1573B8414CCAC6A004AEF21 /* QuestCalloutView.m */,
				E1573B7E14CC963D004AEF21 /* InfoView.h */,
				E1573B7F14CC963D004AEF21 /* InfoView.m */,
				E1F0342A14D45B04000F8BDE /* QuestDetailView.h */,
				E1F0342B14D45B04000F8BDE /* QuestDetailView.m */,
			);
			name = Views;
			sourceTree = "<group>";
		};
		E1AEEB9E14CB382200C14F98 = {
			isa = PBXGroup;
			children = (
				E1AEEBB314CB382200C14F98 /* ImBored */,
				E1AEEBD114CB382200C14F98 /* ImBoredTests */,
				E1AEEBAC14CB382200C14F98 /* Frameworks */,
				E1AEEBAA14CB382200C14F98 /* Products */,
			);
			sourceTree = "<group>";
		};
		E1AEEBAA14CB382200C14F98 /* Products */ = {
			isa = PBXGroup;
			children = (
				E1AEEBA914CB382200C14F98 /* Questomatic.app */,
				E1AEEBCA14CB382200C14F98 /* ImBoredTests.octest */,
			);
			name = Products;
			sourceTree = "<group>";
		};
		E1AEEBAC14CB382200C14F98 /* Frameworks */ = {
			isa = PBXGroup;
			children = (
				E1573B8114CC9670004AEF21 /* QuartzCore.framework */,
				E1AEEBEC14CB965100C14F98 /* AddressBook.framework */,
				E1AEEBE214CB388A00C14F98 /* CoreLocation.framework */,
				E1AEEBAD14CB382200C14F98 /* UIKit.framework */,
				E1AEEBAF14CB382200C14F98 /* Foundation.framework */,
				E1AEEBB114CB382200C14F98 /* CoreGraphics.framework */,
				E1AEEBE414CB401E00C14F98 /* MapKit.framework */,
				E1AEEBCB14CB382200C14F98 /* SenTestingKit.framework */,
			);
			name = Frameworks;
			sourceTree = "<group>";
		};
		E1AEEBB314CB382200C14F98 /* ImBored */ = {
			isa = PBXGroup;
			children = (
				E14E4C5414CCE44700CB5A67 /* Views */,
				E14E4C5314CCE42F00CB5A67 /* ViewControllers */,
				E1AEEBBC14CB382200C14F98 /* AppDelegate.h */,
				E1AEEBBD14CB382200C14F98 /* AppDelegate.m */,
				E1573B7B14CC7CC8004AEF21 /* Quest.h */,
				E1573B7C14CC7CC8004AEF21 /* Quest.m */,
				E1573B7714CC79AE004AEF21 /* LocationController.h */,
				E1573B7814CC79AE004AEF21 /* LocationController.m */,
				E1AEEBE614CB505B00C14F98 /* MapAPIController.h */,
				E1AEEBE714CB505B00C14F98 /* MapAPIController.m */,
				E1AEEBE914CB581A00C14F98 /* MapAPIResultParser.h */,
				E1AEEBEA14CB581A00C14F98 /* MapAPIResultParser.m */,
				E18E574214DE17F300597734 /* UtilityKit.h */,
				E18E574314DE17F300597734 /* UtilityKit.m */,
				E1AEEBB414CB382200C14F98 /* Supporting Files */,
			);
			path = ImBored;
			sourceTree = "<group>";
		};
		E1AEEBB414CB382200C14F98 /* Supporting Files */ = {
			isa = PBXGroup;
			children = (
				E1AEEBB514CB382200C14F98 /* ImBored-Info.plist */,
				E1AEEBB614CB382200C14F98 /* InfoPlist.strings */,
				E1AEEBB914CB382200C14F98 /* main.m */,
				E1AEEBBB14CB382200C14F98 /* ImBored-Prefix.pch */,
			);
			name = "Supporting Files";
			sourceTree = "<group>";
		};
		E1AEEBD114CB382200C14F98 /* ImBoredTests */ = {
			isa = PBXGroup;
			children = (
				E1AEEBD714CB382200C14F98 /* ImBoredTests.h */,
				E1AEEBD814CB382200C14F98 /* ImBoredTests.m */,
				E1AEEBD214CB382200C14F98 /* Supporting Files */,
			);
			path = ImBoredTests;
			sourceTree = "<group>";
		};
		E1AEEBD214CB382200C14F98 /* Supporting Files */ = {
			isa = PBXGroup;
			children = (
				E1AEEBD314CB382200C14F98 /* ImBoredTests-Info.plist */,
				E1AEEBD414CB382200C14F98 /* InfoPlist.strings */,
			);
			name = "Supporting Files";
			sourceTree = "<group>";
		};
/* End PBXGroup section */

/* Begin PBXNativeTarget section */
		E1AEEBA814CB382200C14F98 /* ImBored */ = {
			isa = PBXNativeTarget;
			buildConfigurationList = E1AEEBDC14CB382200C14F98 /* Build configuration list for PBXNativeTarget "ImBored" */;
			buildPhases = (
				E1AEEBA514CB382200C14F98 /* Sources */,
				E1AEEBA614CB382200C14F98 /* Frameworks */,
				E1AEEBA714CB382200C14F98 /* Resources */,
			);
			buildRules = (
			);
			dependencies = (
			);
			name = ImBored;
			productName = ImBored;
			productReference = E1AEEBA914CB382200C14F98 /* Questomatic.app */;
			productType = "com.apple.product-type.application";
		};
		E1AEEBC914CB382200C14F98 /* ImBoredTests */ = {
			isa = PBXNativeTarget;
			buildConfigurationList = E1AEEBDF14CB382200C14F98 /* Build configuration list for PBXNativeTarget "ImBoredTests" */;
			buildPhases = (
				E1AEEBC514CB382200C14F98 /* Sources */,
				E1AEEBC614CB382200C14F98 /* Frameworks */,
				E1AEEBC714CB382200C14F98 /* Resources */,
				E1AEEBC814CB382200C14F98 /* ShellScript */,
			);
			buildRules = (
			);
			dependencies = (
				E1AEEBD014CB382200C14F98 /* PBXTargetDependency */,
			);
			name = ImBoredTests;
			productName = ImBoredTests;
			productReference = E1AEEBCA14CB382200C14F98 /* ImBoredTests.octest */;
			productType = "com.apple.product-type.bundle";
		};
/* End PBXNativeTarget section */

/* Begin PBXProject section */
		E1AEEBA014CB382200C14F98 /* Project object */ = {
			isa = PBXProject;
			attributes = {
				LastUpgradeCheck = 0420;
				ORGANIZATIONNAME = Intuit;
			};
			buildConfigurationList = E1AEEBA314CB382200C14F98 /* Build configuration list for PBXProject "ImBored" */;
			compatibilityVersion = "Xcode 3.2";
			developmentRegion = English;
			hasScannedForEncodings = 0;
			knownRegions = (
				en,
			);
			mainGroup = E1AEEB9E14CB382200C14F98;
			productRefGroup = E1AEEBAA14CB382200C14F98 /* Products */;
			projectDirPath = "";
			projectRoot = "";
			targets = (
				E1AEEBA814CB382200C14F98 /* ImBored */,
				E1AEEBC914CB382200C14F98 /* ImBoredTests */,
			);
		};
/* End PBXProject section */

/* Begin PBXResourcesBuildPhase section */
		E1AEEBA714CB382200C14F98 /* Resources */ = {
			isa = PBXResourcesBuildPhase;
			buildActionMask = 2147483647;
			files = (
				E1AEEBB814CB382200C14F98 /* InfoPlist.strings in Resources */,
				E1AEEBC414CB382200C14F98 /* ViewController.xib in Resources */,
				E1F2F47A14EB212500EC1455 /* DetailViewController.xib in Resources */,
			);
			runOnlyForDeploymentPostprocessing = 0;
		};
		E1AEEBC714CB382200C14F98 /* Resources */ = {
			isa = PBXResourcesBuildPhase;
			buildActionMask = 2147483647;
			files = (
				E1AEEBD614CB382200C14F98 /* InfoPlist.strings in Resources */,
			);
			runOnlyForDeploymentPostprocessing = 0;
		};
/* End PBXResourcesBuildPhase section */

/* Begin PBXShellScriptBuildPhase section */
		E1AEEBC814CB382200C14F98 /* ShellScript */ = {
			isa = PBXShellScriptBuildPhase;
			buildActionMask = 2147483647;
			files = (
			);
			inputPaths = (
			);
			outputPaths = (
			);
			runOnlyForDeploymentPostprocessing = 0;
			shellPath = /bin/sh;
			shellScript = "# Run the unit tests in this test bundle.\n\"${SYSTEM_DEVELOPER_DIR}/Tools/RunUnitTests\"\n";
		};
/* End PBXShellScriptBuildPhase section */

/* Begin PBXSourcesBuildPhase section */
		E1AEEBA514CB382200C14F98 /* Sources */ = {
			isa = PBXSourcesBuildPhase;
			buildActionMask = 2147483647;
			files = (
				E1AEEBBA14CB382200C14F98 /* main.m in Sources */,
				E1AEEBBE14CB382200C14F98 /* AppDelegate.m in Sources */,
				E1AEEBC114CB382200C14F98 /* ViewController.m in Sources */,
				E1AEEBE814CB505B00C14F98 /* MapAPIController.m in Sources */,
				E1AEEBEB14CB581A00C14F98 /* MapAPIResultParser.m in Sources */,
				E1573B7914CC79AE004AEF21 /* LocationController.m in Sources */,
				E1573B7D14CC7CC8004AEF21 /* Quest.m in Sources */,
				E1573B8014CC963D004AEF21 /* InfoView.m in Sources */,
				E1573B8514CCAC6A004AEF21 /* QuestCalloutView.m in Sources */,
				E1F0342C14D45B04000F8BDE /* QuestDetailView.m in Sources */,
				E18E574414DE17F300597734 /* UtilityKit.m in Sources */,
				E143232F15028F2800FD6DED /* DetailViewController.m in Sources */,
			);
			runOnlyForDeploymentPostprocessing = 0;
		};
		E1AEEBC514CB382200C14F98 /* Sources */ = {
			isa = PBXSourcesBuildPhase;
			buildActionMask = 2147483647;
			files = (
				E1AEEBD914CB382200C14F98 /* ImBoredTests.m in Sources */,
			);
			runOnlyForDeploymentPostprocessing = 0;
		};
/* End PBXSourcesBuildPhase section */

/* Begin PBXTargetDependency section */
		E1AEEBD014CB382200C14F98 /* PBXTargetDependency */ = {
			isa = PBXTargetDependency;
			target = E1AEEBA814CB382200C14F98 /* ImBored */;
			targetProxy = E1AEEBCF14CB382200C14F98 /* PBXContainerItemProxy */;
		};
/* End PBXTargetDependency section */

/* Begin PBXVariantGroup section */
		E1AEEBB614CB382200C14F98 /* InfoPlist.strings */ = {
			isa = PBXVariantGroup;
			children = (
				E1AEEBB714CB382200C14F98 /* en */,
			);
			name = InfoPlist.strings;
			sourceTree = "<group>";
		};
		E1AEEBC214CB382200C14F98 /* ViewController.xib */ = {
			isa = PBXVariantGroup;
			children = (
				E1AEEBC314CB382200C14F98 /* en */,
			);
			name = ViewController.xib;
			sourceTree = "<group>";
		};
		E1AEEBD414CB382200C14F98 /* InfoPlist.strings */ = {
			isa = PBXVariantGroup;
			children = (
				E1AEEBD514CB382200C14F98 /* en */,
			);
			name = InfoPlist.strings;
			sourceTree = "<group>";
		};
/* End PBXVariantGroup section */

/* Begin XCBuildConfiguration section */
		E1AEEBDA14CB382200C14F98 /* Debug */ = {
			isa = XCBuildConfiguration;
			buildSettings = {
				ALWAYS_SEARCH_USER_PATHS = NO;
				ARCHS = "$(ARCHS_STANDARD_32_BIT)";
				"CODE_SIGN_IDENTITY[sdk=iphoneos*]" = "iPhone Developer";
				COPY_PHASE_STRIP = NO;
				GCC_C_LANGUAGE_STANDARD = gnu99;
				GCC_DYNAMIC_NO_PIC = NO;
				GCC_OPTIMIZATION_LEVEL = 0;
				GCC_PREPROCESSOR_DEFINITIONS = (
					"DEBUG=1",
					"$(inherited)",
				);
				GCC_SYMBOLS_PRIVATE_EXTERN = NO;
				GCC_VERSION = com.apple.compilers.llvm.clang.1_0;
				GCC_WARN_ABOUT_MISSING_PROTOTYPES = YES;
				GCC_WARN_ABOUT_RETURN_TYPE = YES;
				GCC_WARN_UNUSED_VARIABLE = YES;
				IPHONEOS_DEPLOYMENT_TARGET = 5.0;
				SDKROOT = iphoneos;
			};
			name = Debug;
		};
		E1AEEBDB14CB382200C14F98 /* Release */ = {
			isa = XCBuildConfiguration;
			buildSettings = {
				ALWAYS_SEARCH_USER_PATHS = NO;
				ARCHS = "$(ARCHS_STANDARD_32_BIT)";
				"CODE_SIGN_IDENTITY[sdk=iphoneos*]" = "iPhone Developer";
				COPY_PHASE_STRIP = YES;
				GCC_C_LANGUAGE_STANDARD = gnu99;
				GCC_VERSION = com.apple.compilers.llvm.clang.1_0;
				GCC_WARN_ABOUT_MISSING_PROTOTYPES = YES;
				GCC_WARN_ABOUT_RETURN_TYPE = YES;
				GCC_WARN_UNUSED_VARIABLE = YES;
				IPHONEOS_DEPLOYMENT_TARGET = 5.0;
				OTHER_CFLAGS = "-DNS_BLOCK_ASSERTIONS=1";
				SDKROOT = iphoneos;
				VALIDATE_PRODUCT = YES;
			};
			name = Release;
		};
		E1AEEBDD14CB382200C14F98 /* Debug */ = {
			isa = XCBuildConfiguration;
			buildSettings = {
				GCC_PRECOMPILE_PREFIX_HEADER = YES;
				GCC_PREFIX_HEADER = "ImBored/ImBored-Prefix.pch";
				INFOPLIST_FILE = "ImBored/ImBored-Info.plist";
				OTHER_CFLAGS = "-DDEBUG";
				PRODUCT_NAME = Questomatic;
				WRAPPER_EXTENSION = app;
			};
			name = Debug;
		};
		E1AEEBDE14CB382200C14F98 /* Release */ = {
			isa = XCBuildConfiguration;
			buildSettings = {
				GCC_PRECOMPILE_PREFIX_HEADER = YES;
				GCC_PREFIX_HEADER = "ImBored/ImBored-Prefix.pch";
				INFOPLIST_FILE = "ImBored/ImBored-Info.plist";
				PRODUCT_NAME = Questomatic;
				WRAPPER_EXTENSION = app;
			};
			name = Release;
		};
		E1AEEBE014CB382200C14F98 /* Debug */ = {
			isa = XCBuildConfiguration;
			buildSettings = {
				BUNDLE_LOADER = "$(BUILT_PRODUCTS_DIR)/ImBored.app/ImBored";
				FRAMEWORK_SEARCH_PATHS = (
					"$(SDKROOT)/Developer/Library/Frameworks",
					"$(DEVELOPER_LIBRARY_DIR)/Frameworks",
				);
				GCC_PRECOMPILE_PREFIX_HEADER = YES;
				GCC_PREFIX_HEADER = "ImBored/ImBored-Prefix.pch";
				INFOPLIST_FILE = "ImBoredTests/ImBoredTests-Info.plist";
				PRODUCT_NAME = "$(TARGET_NAME)";
				TEST_HOST = "$(BUNDLE_LOADER)";
				WRAPPER_EXTENSION = octest;
			};
			name = Debug;
		};
		E1AEEBE114CB382200C14F98 /* Release */ = {
			isa = XCBuildConfiguration;
			buildSettings = {
				BUNDLE_LOADER = "$(BUILT_PRODUCTS_DIR)/ImBored.app/ImBored";
				FRAMEWORK_SEARCH_PATHS = (
					"$(SDKROOT)/Developer/Library/Frameworks",
					"$(DEVELOPER_LIBRARY_DIR)/Frameworks",
				);
				GCC_PRECOMPILE_PREFIX_HEADER = YES;
				GCC_PREFIX_HEADER = "ImBored/ImBored-Prefix.pch";
				INFOPLIST_FILE = "ImBoredTests/ImBoredTests-Info.plist";
				PRODUCT_NAME = "$(TARGET_NAME)";
				TEST_HOST = "$(BUNDLE_LOADER)";
				WRAPPER_EXTENSION = octest;
			};
			name = Release;
		};
/* End XCBuildConfiguration section */

/* Begin XCConfigurationList section */
		E1AEEBA314CB382200C14F98 /* Build configuration list for PBXProject "ImBored" */ = {
			isa = XCConfigurationList;
			buildConfigurations = (
				E1AEEBDA14CB382200C14F98 /* Debug */,
				E1AEEBDB14CB382200C14F98 /* Release */,
			);
			defaultConfigurationIsVisible = 0;
			defaultConfigurationName = Release;
		};
		E1AEEBDC14CB382200C14F98 /* Build configuration list for PBXNativeTarget "ImBored" */ = {
			isa = XCConfigurationList;
			buildConfigurations = (
				E1AEEBDD14CB382200C14F98 /* Debug */,
				E1AEEBDE14CB382200C14F98 /* Release */,
			);
			defaultConfigurationIsVisible = 0;
			defaultConfigurationName = Release;
		};
		E1AEEBDF14CB382200C14F98 /* Build configuration list for PBXNativeTarget "ImBoredTests" */ = {
			isa = XCConfigurationList;
			buildConfigurations = (
				E1AEEBE014CB382200C14F98 /* Debug */,
				E1AEEBE114CB382200C14F98 /* Release */,
			);
			defaultConfigurationIsVisible = 0;
			defaultConfigurationName = Release;
		};
/* End XCConfigurationList section */
	};
	rootObject = E1AEEBA014CB382200C14F98 /* Project object */;
}
